
Microsoft Visual Studio Solution File, Format Version 12.00
# Visual Studio Version 17
VisualStudioVersion = 17.7.34031.279
MinimumVisualStudioVersion = 10.0.40219.1
Project("{FAE04EC0-301F-11D3-BF4B-00C04F79EFBC}") = "Random", "Random\Random.csproj", "{D2C9C799-0295-4EA6-BF3B-A29E77483B0A}"
EndProject
Global
	GlobalSection(SolutionConfigurationPlatforms) = preSolution
		Debug|Any CPU = Debug|Any CPU
		Release|Any CPU = Release|Any CPU
	EndGlobalSection
	GlobalSection(ProjectConfigurationPlatforms) = postSolution
		{D2C9C799-0295-4EA6-BF3B-A29E77483B0A}.Debug|Any CPU.ActiveCfg = Debug|Any CPU
		{D2C9C799-0295-4EA6-BF3B-A29E77483B0A}.Debug|Any CPU.Build.0 = Debug|Any CPU
		{D2C9C799-0295-4EA6-BF3B-A29E77483B0A}.Release|Any CPU.ActiveCfg = Release|Any CPU
		{D2C9C799-0295-4EA6-BF3B-A29E77483B0A}.Release|Any CPU.Build.0 = Release|Any CPU
	EndGlobalSection
	GlobalSection(SolutionProperties) = preSolution
		HideSolutionNode = FALSE
	EndGlobalSection
	GlobalSection(ExtensibilityGlobals) = postSolution
		SolutionGuid = {16EF2F76-6A04-4732-B528-BFD729D57C00}
	EndGlobalSection
EndGlobal
